
Microsoft Visual Studio Solution File, Format Version 12.00
Project("{FAE04EC0-301F-11D3-BF4B-00C04F79EFBC}") = "GleamSolverLibrary", "GleamSolverLibrary\GleamSolverLibrary.csproj", "{DCF2CC21-8D49-4F40-8841-1D262A042727}"
EndProject
Global
	GlobalSection(SolutionConfigurationPlatforms) = preSolution
		Debug|Any CPU = Debug|Any CPU
		Release|Any CPU = Release|Any CPU
	EndGlobalSection
	GlobalSection(ProjectConfigurationPlatforms) = postSolution
		{DCF2CC21-8D49-4F40-8841-1D262A042727}.Debug|Any CPU.ActiveCfg = Debug|Any CPU
		{DCF2CC21-8D49-4F40-8841-1D262A042727}.Debug|Any CPU.Build.0 = Debug|Any CPU
		{DCF2CC21-8D49-4F40-8841-1D262A042727}.Release|Any CPU.ActiveCfg = Release|Any CPU
		{DCF2CC21-8D49-4F40-8841-1D262A042727}.Release|Any CPU.Build.0 = Release|Any CPU
	EndGlobalSection
EndGlobal
